
Microsoft Visual Studio Solution File, Format Version 12.00
# Visual Studio Version 16
VisualStudioVersion = 16.0.28917.182
MinimumVisualStudioVersion = 10.0.40219.1
Project("{FAE04EC0-301F-11D3-BF4B-00C04F79EFBC}") = "Hue Controller", "Hue Controller.csproj", "{06D4F309-E25F-4F32-A996-D85773692FEC}"
EndProject
Global
	GlobalSection(SolutionConfigurationPlatforms) = preSolution
		Debug|Any CPU = Debug|Any CPU
		Release|Any CPU = Release|Any CPU
	EndGlobalSection
	GlobalSection(ProjectConfigurationPlatforms) = postSolution
		{06D4F309-E25F-4F32-A996-D85773692FEC}.Debug|Any CPU.ActiveCfg = Debug|Any CPU
		{06D4F309-E25F-4F32-A996-D85773692FEC}.Debug|Any CPU.Build.0 = Debug|Any CPU
		{06D4F309-E25F-4F32-A996-D85773692FEC}.Release|Any CPU.ActiveCfg = Release|Any CPU
		{06D4F309-E25F-4F32-A996-D85773692FEC}.Release|Any CPU.Build.0 = Release|Any CPU
	EndGlobalSection
	GlobalSection(SolutionProperties) = preSolution
		HideSolutionNode = FALSE
	EndGlobalSection
	GlobalSection(ExtensibilityGlobals) = postSolution
		SolutionGuid = {6DD065DF-EC24-4075-BDC8-8FCD7DCDCB81}
	EndGlobalSection
EndGlobal
